
Microsoft Visual Studio Solution File, Format Version 12.00
# Visual Studio Version 17
VisualStudioVersion = 17.14.37111.16
MinimumVisualStudioVersion = 10.0.40219.1
Project("{FAE04EC0-301F-11D3-BF4B-00C04F79EFBC}") = "TASK_4_CSHARP", "TASK_4_CSHARP.csproj", "{A38109E2-D0D7-46B1-99A2-78F6D0914E65}"
EndProject
Global
	GlobalSection(SolutionConfigurationPlatforms) = preSolution
		Debug|Any CPU = Debug|Any CPU
		Release|Any CPU = Release|Any CPU
	EndGlobalSection
	GlobalSection(ProjectConfigurationPlatforms) = postSolution
		{A38109E2-D0D7-46B1-99A2-78F6D0914E65}.Debug|Any CPU.ActiveCfg = Debug|Any CPU
		{A38109E2-D0D7-46B1-99A2-78F6D0914E65}.Debug|Any CPU.Build.0 = Debug|Any CPU
		{A38109E2-D0D7-46B1-99A2-78F6D0914E65}.Release|Any CPU.ActiveCfg = Release|Any CPU
		{A38109E2-D0D7-46B1-99A2-78F6D0914E65}.Release|Any CPU.Build.0 = Release|Any CPU
	EndGlobalSection
	GlobalSection(SolutionProperties) = preSolution
		HideSolutionNode = FALSE
	EndGlobalSection
	GlobalSection(ExtensibilityGlobals) = postSolution
		SolutionGuid = {8BEB3A2B-7980-43BB-8C6F-D89D00FB629A}
	EndGlobalSection
EndGlobal
